Microsoft Visual Studio Solution File, Format Version 12.00
# Visual Studio Version 17
VisualStudioVersion = 17.4.33205.214
MinimumVisualStudioVersion = 10.0.40219.1
Project("{8BC9CEB8-8B4A-11D0-8D11-00A0C91BC942}") = "Maizsim", "Crop source\Crop.vcxproj", "{E8E56F99-943A-4226-A0C8-24FF6419EAED}"
EndProject
Project("{6989167D-11E4-40FE-8C1A-2192A86A7E90}") = "2dmaizsim", "Soil Source\2dmaizsim.vfproj", "{05500875-9B63-45CA-B7D6-FD6A5240ED1A}"
	ProjectSection(ProjectDependencies) = postProject
		{E8E56F99-943A-4226-A0C8-24FF6419EAED} = {E8E56F99-943A-4226-A0C8-24FF6419EAED}
	EndProjectSection
EndProject
Global
	GlobalSection(SolutionConfigurationPlatforms) = preSolution
		Debug|Win32 = Debug|Win32
		Dennis_Dbg|Win32 = Dennis_Dbg|Win32
		Kernel_dbg|Win32 = Kernel_dbg|Win32
		Release|Win32 = Release|Win32
	EndGlobalSection
	GlobalSection(ProjectConfigurationPlatforms) = postSolution
		{E8E56F99-943A-4226-A0C8-24FF6419EAED}.Debug|Win32.ActiveCfg = Debug|Win32
		{E8E56F99-943A-4226-A0C8-24FF6419EAED}.Debug|Win32.Build.0 = Debug|Win32
		{E8E56F99-943A-4226-A0C8-24FF6419EAED}.Dennis_Dbg|Win32.ActiveCfg = Dennis_Dbg|Win32
		{E8E56F99-943A-4226-A0C8-24FF6419EAED}.Dennis_Dbg|Win32.Build.0 = Dennis_Dbg|Win32
		{E8E56F99-943A-4226-A0C8-24FF6419EAED}.Kernel_dbg|Win32.ActiveCfg = Dennis_Dbg|Win32
		{E8E56F99-943A-4226-A0C8-24FF6419EAED}.Kernel_dbg|Win32.Build.0 = Dennis_Dbg|Win32
		{E8E56F99-943A-4226-A0C8-24FF6419EAED}.Release|Win32.ActiveCfg = Release|Win32
		{E8E56F99-943A-4226-A0C8-24FF6419EAED}.Release|Win32.Build.0 = Release|Win32
		{05500875-9B63-45CA-B7D6-FD6A5240ED1A}.Debug|Win32.ActiveCfg = Debug|Win32
		{05500875-9B63-45CA-B7D6-FD6A5240ED1A}.Debug|Win32.Build.0 = Debug|Win32
		{05500875-9B63-45CA-B7D6-FD6A5240ED1A}.Dennis_Dbg|Win32.ActiveCfg = Dennis_Dbg|Win32
		{05500875-9B63-45CA-B7D6-FD6A5240ED1A}.Dennis_Dbg|Win32.Build.0 = Dennis_Dbg|Win32
		{05500875-9B63-45CA-B7D6-FD6A5240ED1A}.Kernel_dbg|Win32.ActiveCfg = Kernel_dbg|Win32
		{05500875-9B63-45CA-B7D6-FD6A5240ED1A}.Kernel_dbg|Win32.Build.0 = Kernel_dbg|Win32
		{05500875-9B63-45CA-B7D6-FD6A5240ED1A}.Release|Win32.ActiveCfg = Release|Win32
		{05500875-9B63-45CA-B7D6-FD6A5240ED1A}.Release|Win32.Build.0 = Release|Win32
	EndGlobalSection
	GlobalSection(SolutionProperties) = preSolution
		HideSolutionNode = FALSE
	EndGlobalSection
	GlobalSection(ExtensibilityGlobals) = postSolution
		SolutionGuid = {4FF3BAE2-4654-40C6-B4C7-B847547F27DF}
	EndGlobalSection
EndGlobal
