<?xml version="1.0" encoding="utf-8"?>
<Project ToolsVersion="4.0" xmlns="http://schemas.microsoft.com/developer/msbuild/2003">
  <ItemGroup>
    <ClCompile Include="weather.cpp">
      <Filter>Source Files</Filter>
    </ClCompile>
    <ClCompile Include="controller.cpp">
      <Filter>Source Files</Filter>
    </ClCompile>
    <ClCompile Include="cpmdate.cpp">
      <Filter>Source Files</Filter>
    </ClCompile>
    <ClCompile Include="Crop.cpp">
      <Filter>Source Files</Filter>
    </ClCompile>
    <ClCompile Include="Development.cpp">
      <Filter>Source Files</Filter>
    </ClCompile>
    <ClCompile Include="ear.cpp">
      <Filter>Source Files</Filter>
    </ClCompile>
    <ClCompile Include="gas_exchange.cpp">
      <Filter>Source Files</Filter>
    </ClCompile>
    <ClCompile Include="initinfo.cpp">
      <Filter>Source Files</Filter>
    </ClCompile>
    <ClCompile Include="leaf.cpp">
      <Filter>Source Files</Filter>
    </ClCompile>
    <ClCompile Include="nodalunit.cpp">
      <Filter>Source Files</Filter>
    </ClCompile>
    <ClCompile Include="organ.cpp">
      <Filter>Source Files</Filter>
    </ClCompile>
    <ClCompile Include="plant.cpp">
      <Filter>Source Files</Filter>
    </ClCompile>
    <ClCompile Include="roots.cpp">
      <Filter>Source Files</Filter>
    </ClCompile>
    <ClCompile Include="stdafx.cpp">
      <Filter>Source Files</Filter>
    </ClCompile>
    <ClCompile Include="stem.cpp">
      <Filter>Source Files</Filter>
    </ClCompile>
    <ClCompile Include="thermaltime.cpp">
      <Filter>Source Files</Filter>
    </ClCompile>
    <ClCompile Include="timer.cpp">
      <Filter>Source Files</Filter>
    </ClCompile>
    <ClCompile Include="weather.cpp">
      <Filter>Source Files</Filter>
    </ClCompile>
    <ClCompile Include="radtrans.cpp">
      <Filter>Source Files</Filter>
    </ClCompile>
    <ClCompile Include="solar.cpp">
      <Filter>Source Files</Filter>
    </ClCompile>
    <ClCompile Include="Gas_Ex_Species_param.cpp">
      <Filter>Source Files</Filter>
    </ClCompile>
  </ItemGroup>
  <ItemGroup>
    <ClInclude Include="controller.h">
      <Filter>Header Files</Filter>
    </ClInclude>
    <ClInclude Include="cpmdate.h">
      <Filter>Header Files</Filter>
    </ClInclude>
    <ClInclude Include="Crop.h">
      <Filter>Header Files</Filter>
    </ClInclude>
    <ClInclude Include="development.h">
      <Filter>Header Files</Filter>
    </ClInclude>
    <ClInclude Include="ear.h">
      <Filter>Header Files</Filter>
    </ClInclude>
    <ClInclude Include="gas_exchange.h">
      <Filter>Header Files</Filter>
    </ClInclude>
    <ClInclude Include="leaf.h">
      <Filter>Header Files</Filter>
    </ClInclude>
    <ClInclude Include="lightenv.h">
      <Filter>Header Files</Filter>
    </ClInclude>
    <ClInclude Include="nodalunit.h">
      <Filter>Header Files</Filter>
    </ClInclude>
    <ClInclude Include="initinfo.h">
      <Filter>Header Files</Filter>
    </ClInclude>
    <ClInclude Include="organ.h">
      <Filter>Header Files</Filter>
    </ClInclude>
    <ClInclude Include="plant.h">
      <Filter>Header Files</Filter>
    </ClInclude>
    <ClInclude Include="Roots.h">
      <Filter>Header Files</Filter>
    </ClInclude>
    <ClInclude Include="sheath.h">
      <Filter>Header Files</Filter>
    </ClInclude>
    <ClInclude Include="stdafx.h">
      <Filter>Header Files</Filter>
    </ClInclude>
    <ClInclude Include="stem.h">
      <Filter>Header Files</Filter>
    </ClInclude>
    <ClInclude Include="timer.h">
      <Filter>Header Files</Filter>
    </ClInclude>
    <ClInclude Include="weather.h">
      <Filter>Header Files</Filter>
    </ClInclude>
    <ClInclude Include="thermaltime.h">
      <Filter>Header Files</Filter>
    </ClInclude>
    <ClInclude Include="resource1.h">
      <Filter>Header Files</Filter>
    </ClInclude>
    <ClInclude Include="radtrans.h">
      <Filter>Header Files</Filter>
    </ClInclude>
    <ClInclude Include="solar.h">
      <Filter>Header Files</Filter>
    </ClInclude>
    <ClInclude Include="Gas_Ex_Species_param.h">
      <Filter>Header Files</Filter>
    </ClInclude>
  </ItemGroup>
  <ItemGroup>
    <Filter Include="Header Files">
      <UniqueIdentifier>{3dd8ac1a-a53a-42a9-afe1-b778d657c1a3}</UniqueIdentifier>
      <Extensions>*.h</Extensions>
    </Filter>
    <Filter Include="Source Files">
      <UniqueIdentifier>{549421a9-22ed-42aa-97f7-1f993c8e0bf1}</UniqueIdentifier>
      <Extensions>*.cpp</Extensions>
    </Filter>
  </ItemGroup>
  <ItemGroup>
    <None Include="ClassDiagram.cd" />
  </ItemGroup>
  <ItemGroup>
    <ResourceCompile Include="Crop.rc" />
  </ItemGroup>
</Project>