<?xml version="1.0" encoding="utf-8"?>
<Project ToolsVersion="4.0" xmlns="http://schemas.microsoft.com/developer/msbuild/2003">
  <ItemGroup>
    <Filter Include="Source Files">
      <UniqueIdentifier>{4FC737F1-C7A5-4376-A066-2A32D752A2FF}</UniqueIdentifier>
      <Extensions>cpp;c;cxx;def;odl;idl;hpj;bat;asm;asmx</Extensions>
    </Filter>
    <Filter Include="Header Files">
      <UniqueIdentifier>{93995380-89BD-4b04-88EB-625FBE52EBFB}</UniqueIdentifier>
      <Extensions>h;hpp;hxx;hm;inl;inc;xsd</Extensions>
    </Filter>
    <Filter Include="Resource Files">
      <UniqueIdentifier>{67DA6AB6-F800-4c08-8B7A-83BB121AAD01}</UniqueIdentifier>
      <Extensions>rc;ico;cur;bmp;dlg;rc2;rct;bin;rgs;gif;jpg;jpeg;jpe;resx</Extensions>
    </Filter>
  </ItemGroup>
  <ItemGroup>
    <ClCompile Include="controller.cpp">
      <Filter>Source Files</Filter>
    </ClCompile>
    <ClCompile Include="cpmdate.cpp">
      <Filter>Source Files</Filter>
    </ClCompile>
    <ClCompile Include="Crop.cpp">
      <Filter>Source Files</Filter>
    </ClCompile>
    <ClCompile Include="Development.cpp">
      <Filter>Source Files</Filter>
    </ClCompile>
    <ClCompile Include="ear.cpp">
      <Filter>Source Files</Filter>
    </ClCompile>
    <ClCompile Include="gas_exchange.cpp">
      <Filter>Source Files</Filter>
    </ClCompile>
    <ClCompile Include="initinfo.cpp">
      <Filter>Source Files</Filter>
    </ClCompile>
    <ClCompile Include="leaf.cpp">
      <Filter>Source Files</Filter>
    </ClCompile>
    <ClCompile Include="nodalunit.cpp">
      <Filter>Source Files</Filter>
    </ClCompile>
    <ClCompile Include="organ.cpp">
      <Filter>Source Files</Filter>
    </ClCompile>
    <ClCompile Include="plant.cpp">
      <Filter>Source Files</Filter>
    </ClCompile>
    <ClCompile Include="radiation.cpp">
      <Filter>Source Files</Filter>
    </ClCompile>
    <ClCompile Include="roots.cpp">
      <Filter>Source Files</Filter>
    </ClCompile>
    <ClCompile Include="stdafx.cpp">
      <Filter>Source Files</Filter>
    </ClCompile>
    <ClCompile Include="stem.cpp">
      <Filter>Source Files</Filter>
    </ClCompile>
    <ClCompile Include="thermaltime.cpp">
      <Filter>Source Files</Filter>
    </ClCompile>
    <ClCompile Include="timer.cpp">
      <Filter>Source Files</Filter>
    </ClCompile>
    <ClCompile Include="weather.cpp">
      <Filter>Source Files</Filter>
    </ClCompile>
  </ItemGroup>
  <ItemGroup>
    <ClInclude Include="controller.h">
      <Filter>Header Files</Filter>
    </ClInclude>
    <ClInclude Include="cpmdate.h">
      <Filter>Header Files</Filter>
    </ClInclude>
    <ClInclude Include="Crop.h">
      <Filter>Header Files</Filter>
    </ClInclude>
    <ClInclude Include="development.h">
      <Filter>Header Files</Filter>
    </ClInclude>
    <ClInclude Include="ear.h">
      <Filter>Header Files</Filter>
    </ClInclude>
    <ClInclude Include="gas_exchange.h">
      <Filter>Header Files</Filter>
    </ClInclude>
    <ClInclude Include="initinfo.h">
      <Filter>Header Files</Filter>
    </ClInclude>
    <ClInclude Include="leaf.h">
      <Filter>Header Files</Filter>
    </ClInclude>
    <ClInclude Include="lightenv.h">
      <Filter>Header Files</Filter>
    </ClInclude>
    <ClInclude Include="nodalunit.h">
      <Filter>Header Files</Filter>
    </ClInclude>
    <ClInclude Include="organ.h">
      <Filter>Header Files</Filter>
    </ClInclude>
    <ClInclude Include="plant.h">
      <Filter>Header Files</Filter>
    </ClInclude>
    <ClInclude Include="radiation.h">
      <Filter>Header Files</Filter>
    </ClInclude>
    <ClInclude Include="resource.h">
      <Filter>Header Files</Filter>
    </ClInclude>
    <ClInclude Include="Roots.h">
      <Filter>Header Files</Filter>
    </ClInclude>
    <ClInclude Include="sheath.h">
      <Filter>Header Files</Filter>
    </ClInclude>
    <ClInclude Include="stdafx.h">
      <Filter>Header Files</Filter>
    </ClInclude>
    <ClInclude Include="stem.h">
      <Filter>Header Files</Filter>
    </ClInclude>
    <ClInclude Include="thermaltime.h">
      <Filter>Header Files</Filter>
    </ClInclude>
    <ClInclude Include="timer.h">
      <Filter>Header Files</Filter>
    </ClInclude>
    <ClInclude Include="weather.h">
      <Filter>Header Files</Filter>
    </ClInclude>
  </ItemGroup>
  <ItemGroup>
    <None Include="ClassDiagram1.cd" />
  </ItemGroup>
</Project>